// !$*UTF8*$!
{
	archiveVersion = 1;
	classes = {
	};
	objectVersion = 56;
	objects = {

/* Begin PBXBuildFile section */
		2501EFA92B9760A0006326D9 /* SurfApp.swift in Sources */ = {isa = PBXBuildFile; fileRef = 2501EFA82B9760A0006326D9 /* SurfApp.swift */; };
		2501EFAB2B9760A0006326D9 /* ContentView.swift in Sources */ = {isa = PBXBuildFile; fileRef = 2501EFAA2B9760A0006326D9 /* ContentView.swift */; };
		2501EFAD2B9760A1006326D9 /* Assets.xcassets in Resources */ = {isa = PBXBuildFile; fileRef = 2501EFAC2B9760A1006326D9 /* Assets.xcassets */; };
		2501EFB02B9760A1006326D9 /* Preview Assets.xcassets in Resources */ = {isa = PBXBuildFile; fileRef = 2501EFAF2B9760A1006326D9 /* Preview Assets.xcassets */; };
		2501EFBB2B9760A1006326D9 /* SurfTests.swift in Sources */ = {isa = PBXBuildFile; fileRef = 2501EFBA2B9760A1006326D9 /* SurfTests.swift */; };
		2501EFC52B9760A1006326D9 /* SurfUITests.swift in Sources */ = {isa = PBXBuildFile; fileRef = 2501EFC42B9760A1006326D9 /* SurfUITests.swift */; };
		2501EFC72B9760A1006326D9 /* SurfUITestsLaunchTests.swift in Sources */ = {isa = PBXBuildFile; fileRef = 2501EFC62B9760A1006326D9 /* SurfUITestsLaunchTests.swift */; };
		259613D12B9A20AB00BE6DA4 /* SFWebKit.swift in Sources */ = {isa = PBXBuildFile; fileRef = 259613D02B9A20AB00BE6DA4 /* SFWebKit.swift */; };
/* End PBXBuildFile section */

/* Begin PBXContainerItemProxy section */
		2501EFB72B9760A1006326D9 /* PBXContainerItemProxy */ = {
			isa = PBXContainerItemProxy;
			containerPortal = 2501EF9D2B9760A0006326D9 /* Project object */;
			proxyType = 1;
			remoteGlobalIDString = 2501EFA42B9760A0006326D9;
			remoteInfo = Surf;
		};
		2501EFC12B9760A1006326D9 /* PBXContainerItemProxy */ = {
			isa = PBXContainerItemProxy;
			containerPortal = 2501EF9D2B9760A0006326D9 /* Project object */;
			proxyType = 1;
			remoteGlobalIDString = 2501EFA42B9760A0006326D9;
			remoteInfo = Surf;
		};
/* End PBXContainerItemProxy section */

/* Begin PBXFileReference section */
		2501EFA52B9760A0006326D9 /* Surf.app */ = {isa = PBXFileReference; explicitFileType = wrapper.application; includeInIndex = 0; path = Surf.app; sourceTree = BUILT_PRODUCTS_DIR; };
		2501EFA82B9760A0006326D9 /* SurfApp.swift */ = {isa = PBXFileReference; lastKnownFileType = sourcecode.swift; path = SurfApp.swift; sourceTree = "<group>"; };
		2501EFAA2B9760A0006326D9 /* ContentView.swift */ = {isa = PBXFileReference; lastKnownFileType = sourcecode.swift; path = ContentView.swift; sourceTree = "<group>"; };
		2501EFAC2B9760A1006326D9 /* Assets.xcassets */ = {isa = PBXFileReference; lastKnownFileType = folder.assetcatalog; path = Assets.xcassets; sourceTree = "<group>"; };
		2501EFAF2B9760A1006326D9 /* Preview Assets.xcassets */ = {isa = PBXFileReference; lastKnownFileType = folder.assetcatalog; path = "Preview Assets.xcassets"; sourceTree = "<group>"; };
		2501EFB12B9760A1006326D9 /* Surf.entitlements */ = {isa = PBXFileReference; lastKnownFileType = text.plist.entitlements; path = Surf.entitlements; sourceTree = "<group>"; };
		2501EFB62B9760A1006326D9 /* SurfTests.xctest */ = {isa = PBXFileReference; explicitFileType = wrapper.cfbundle; includeInIndex = 0; path = SurfTests.xctest; sourceTree = BUILT_PRODUCTS_DIR; };
		2501EFBA2B9760A1006326D9 /* SurfTests.swift */ = {isa = PBXFileReference; lastKnownFileType = sourcecode.swift; path = SurfTests.swift; sourceTree = "<group>"; };
		2501EFC02B9760A1006326D9 /* SurfUITests.xctest */ = {isa = PBXFileReference; explicitFileType = wrapper.cfbundle; includeInIndex = 0; path = SurfUITests.xctest; sourceTree = BUILT_PRODUCTS_DIR; };
		2501EFC42B9760A1006326D9 /* SurfUITests.swift */ = {isa = PBXFileReference; lastKnownFileType = sourcecode.swift; path = SurfUITests.swift; sourceTree = "<group>"; };
		2501EFC62B9760A1006326D9 /* SurfUITestsLaunchTests.swift */ = {isa = PBXFileReference; lastKnownFileType = sourcecode.swift; path = SurfUITestsLaunchTests.swift; sourceTree = "<group>"; };
		259613D02B9A20AB00BE6DA4 /* SFWebKit.swift */ = {isa = PBXFileReference; lastKnownFileType = sourcecode.swift; path = SFWebKit.swift; sourceTree = "<group>"; };
		259A472E2B9AC6160062BCE8 /* WebKit.framework */ = {isa = PBXFileReference; lastKnownFileType = wrapper.framework; name = WebKit.framework; path = System/Library/Frameworks/WebKit.framework; sourceTree = SDKROOT; };
/* End PBXFileReference section */

/* Begin PBXFrameworksBuildPhase section */
		2501EFA22B9760A0006326D9 /* Frameworks */ = {
			isa = PBXFrameworksBuildPhase;
			buildActionMask = 2147483647;
			files = (
			);
			runOnlyForDeploymentPostprocessing = 0;
		};
		2501EFB32B9760A1006326D9 /* Frameworks */ = {
			isa = PBXFrameworksBuildPhase;
			buildActionMask = 2147483647;
			files = (
			);
			runOnlyForDeploymentPostprocessing = 0;
		};
		2501EFBD2B9760A1006326D9 /* Frameworks */ = {
			isa = PBXFrameworksBuildPhase;
			buildActionMask = 2147483647;
			files = (
			);
			runOnlyForDeploymentPostprocessing = 0;
		};
/* End PBXFrameworksBuildPhase section */

/* Begin PBXGroup section */
		2501EF9C2B9760A0006326D9 = {
			isa = PBXGroup;
			children = (
				2501EFA72B9760A0006326D9 /* Surf */,
				2501EFB92B9760A1006326D9 /* SurfTests */,
				2501EFC32B9760A1006326D9 /* SurfUITests */,
				2501EFA62B9760A0006326D9 /* Products */,
				259A472D2B9AC6160062BCE8 /* Frameworks */,
			);
			sourceTree = "<group>";
		};
		2501EFA62B9760A0006326D9 /* Products */ = {
			isa = PBXGroup;
			children = (
				2501EFA52B9760A0006326D9 /* Surf.app */,
				2501EFB62B9760A1006326D9 /* SurfTests.xctest */,
				2501EFC02B9760A1006326D9 /* SurfUITests.xctest */,
			);
			name = Products;
			sourceTree = "<group>";
		};
		2501EFA72B9760A0006326D9 /* Surf */ = {
			isa = PBXGroup;
			children = (
				2501EFA82B9760A0006326D9 /* SurfApp.swift */,
				2501EFAA2B9760A0006326D9 /* ContentView.swift */,
				2501EFAC2B9760A1006326D9 /* Assets.xcassets */,
				2501EFB12B9760A1006326D9 /* Surf.entitlements */,
				2501EFAE2B9760A1006326D9 /* Preview Content */,
				259613D02B9A20AB00BE6DA4 /* SFWebKit.swift */,
			);
			path = Surf;
			sourceTree = "<group>";
		};
		2501EFAE2B9760A1006326D9 /* Preview Content */ = {
			isa = PBXGroup;
			children = (
				2501EFAF2B9760A1006326D9 /* Preview Assets.xcassets */,
			);
			path = "Preview Content";
			sourceTree = "<group>";
		};
		2501EFB92B9760A1006326D9 /* SurfTests */ = {
			isa = PBXGroup;
			children = (
				2501EFBA2B9760A1006326D9 /* SurfTests.swift */,
			);
			path = SurfTests;
			sourceTree = "<group>";
		};
		2501EFC32B9760A1006326D9 /* SurfUITests */ = {
			isa = PBXGroup;
			children = (
				2501EFC42B9760A1006326D9 /* SurfUITests.swift */,
				2501EFC62B9760A1006326D9 /* SurfUITestsLaunchTests.swift */,
			);
			path = SurfUITests;
			sourceTree = "<group>";
		};
		259A472D2B9AC6160062BCE8 /* Frameworks */ = {
			isa = PBXGroup;
			children = (
				259A472E2B9AC6160062BCE8 /* WebKit.framework */,
			);
			name = Frameworks;
			sourceTree = "<group>";
		};
/* End PBXGroup section */

/* Begin PBXNativeTarget section */
		2501EFA42B9760A0006326D9 /* Surf */ = {
			isa = PBXNativeTarget;
			buildConfigurationList = 2501EFCA2B9760A1006326D9 /* Build configuration list for PBXNativeTarget "Surf" */;
			buildPhases = (
				2501EFA12B9760A0006326D9 /* Sources */,
				2501EFA22B9760A0006326D9 /* Frameworks */,
				2501EFA32B9760A0006326D9 /* Resources */,
			);
			buildRules = (
			);
			dependencies = (
			);
			name = Surf;
			productName = Surf;
			productReference = 2501EFA52B9760A0006326D9 /* Surf.app */;
			productType = "com.apple.product-type.application";
		};
		2501EFB52B9760A1006326D9 /* SurfTests */ = {
			isa = PBXNativeTarget;
			buildConfigurationList = 2501EFCD2B9760A1006326D9 /* Build configuration list for PBXNativeTarget "SurfTests" */;
			buildPhases = (
				2501EFB22B9760A1006326D9 /* Sources */,
				2501EFB32B9760A1006326D9 /* Frameworks */,
				2501EFB42B9760A1006326D9 /* Resources */,
			);
			buildRules = (
			);
			dependencies = (
				2501EFB82B9760A1006326D9 /* PBXTargetDependency */,
			);
			name = SurfTests;
			productName = SurfTests;
			productReference = 2501EFB62B9760A1006326D9 /* SurfTests.xctest */;
			productType = "com.apple.product-type.bundle.unit-test";
		};
		2501EFBF2B9760A1006326D9 /* SurfUITests */ = {
			isa = PBXNativeTarget;
			buildConfigurationList = 2501EFD02B9760A1006326D9 /* Build configuration list for PBXNativeTarget "SurfUITests" */;
			buildPhases = (
				2501EFBC2B9760A1006326D9 /* Sources */,
				2501EFBD2B9760A1006326D9 /* Frameworks */,
				2501EFBE2B9760A1006326D9 /* Resources */,
			);
			buildRules = (
			);
			dependencies = (
				2501EFC22B9760A1006326D9 /* PBXTargetDependency */,
			);
			name = SurfUITests;
			productName = SurfUITests;
			productReference = 2501EFC02B9760A1006326D9 /* SurfUITests.xctest */;
			productType = "com.apple.product-type.bundle.ui-testing";
		};
/* End PBXNativeTarget section */

/* Begin PBXProject section */
		2501EF9D2B9760A0006326D9 /* Project object */ = {
			isa = PBXProject;
			attributes = {
				BuildIndependentTargetsInParallel = 1;
				LastSwiftUpdateCheck = 1520;
				LastUpgradeCheck = 1520;
				TargetAttributes = {
					2501EFA42B9760A0006326D9 = {
						CreatedOnToolsVersion = 15.2;
					};
					2501EFB52B9760A1006326D9 = {
						CreatedOnToolsVersion = 15.2;
						TestTargetID = 2501EFA42B9760A0006326D9;
					};
					2501EFBF2B9760A1006326D9 = {
						CreatedOnToolsVersion = 15.2;
						TestTargetID = 2501EFA42B9760A0006326D9;
					};
				};
			};
			buildConfigurationList = 2501EFA02B9760A0006326D9 /* Build configuration list for PBXProject "Surf" */;
			compatibilityVersion = "Xcode 14.0";
			developmentRegion = en;
			hasScannedForEncodings = 0;
			knownRegions = (
				en,
				Base,
			);
			mainGroup = 2501EF9C2B9760A0006326D9;
			productRefGroup = 2501EFA62B9760A0006326D9 /* Products */;
			projectDirPath = "";
			projectRoot = "";
			targets = (
				2501EFA42B9760A0006326D9 /* Surf */,
				2501EFB52B9760A1006326D9 /* SurfTests */,
				2501EFBF2B9760A1006326D9 /* SurfUITests */,
			);
		};
/* End PBXProject section */

/* Begin PBXResourcesBuildPhase section */
		2501EFA32B9760A0006326D9 /* Resources */ = {
			isa = PBXResourcesBuildPhase;
			buildActionMask = 2147483647;
			files = (
				2501EFB02B9760A1006326D9 /* Preview Assets.xcassets in Resources */,
				2501EFAD2B9760A1006326D9 /* Assets.xcassets in Resources */,
			);
			runOnlyForDeploymentPostprocessing = 0;
		};
		2501EFB42B9760A1006326D9 /* Resources */ = {
			isa = PBXResourcesBuildPhase;
			buildActionMask = 2147483647;
			files = (
			);
			runOnlyForDeploymentPostprocessing = 0;
		};
		2501EFBE2B9760A1006326D9 /* Resources */ = {
			isa = PBXResourcesBuildPhase;
			buildActionMask = 2147483647;
			files = (
			);
			runOnlyForDeploymentPostprocessing = 0;
		};
/* End PBXResourcesBuildPhase section */

/* Begin PBXSourcesBuildPhase section */
		2501EFA12B9760A0006326D9 /* Sources */ = {
			isa = PBXSourcesBuildPhase;
			buildActionMask = 2147483647;
			files = (
				2501EFAB2B9760A0006326D9 /* ContentView.swift in Sources */,
				259613D12B9A20AB00BE6DA4 /* SFWebKit.swift in Sources */,
				2501EFA92B9760A0006326D9 /* SurfApp.swift in Sources */,
			);
			runOnlyForDeploymentPostprocessing = 0;
		};
		2501EFB22B9760A1006326D9 /* Sources */ = {
			isa = PBXSourcesBuildPhase;
			buildActionMask = 2147483647;
			files = (
				2501EFBB2B9760A1006326D9 /* SurfTests.swift in Sources */,
			);
			runOnlyForDeploymentPostprocessing = 0;
		};
		2501EFBC2B9760A1006326D9 /* Sources */ = {
			isa = PBXSourcesBuildPhase;
			buildActionMask = 2147483647;
			files = (
				2501EFC72B9760A1006326D9 /* SurfUITestsLaunchTests.swift in Sources */,
				2501EFC52B9760A1006326D9 /* SurfUITests.swift in Sources */,
			);
			runOnlyForDeploymentPostprocessing = 0;
		};
/* End PBXSourcesBuildPhase section */

/* Begin PBXTargetDependency section */
		2501EFB82B9760A1006326D9 /* PBXTargetDependency */ = {
			isa = PBXTargetDependency;
			target = 2501EFA42B9760A0006326D9 /* Surf */;
			targetProxy = 2501EFB72B9760A1006326D9 /* PBXContainerItemProxy */;
		};
		2501EFC22B9760A1006326D9 /* PBXTargetDependency */ = {
			isa = PBXTargetDependency;
			target = 2501EFA42B9760A0006326D9 /* Surf */;
			targetProxy = 2501EFC12B9760A1006326D9 /* PBXContainerItemProxy */;
		};
/* End PBXTargetDependency section */

/* Begin XCBuildConfiguration section */
		2501EFC82B9760A1006326D9 /* Debug */ = {
			isa = XCBuildConfiguration;
			buildSettings = {
				ALWAYS_SEARCH_USER_PATHS = NO;
				ASSETCATALOG_COMPILER_GENERATE_SWIFT_ASSET_SYMBOL_EXTENSIONS = YES;
				CLANG_ANALYZER_NONNULL = YES;
				CLANG_ANALYZER_NUMBER_OBJECT_CONVERSION = YES_AGGRESSIVE;
				CLANG_CXX_LANGUAGE_STANDARD = "gnu++20";
				CLANG_ENABLE_MODULES = YES;
				CLANG_ENABLE_OBJC_ARC = YES;
				CLANG_ENABLE_OBJC_WEAK = YES;
				CLANG_WARN_BLOCK_CAPTURE_AUTORELEASING = YES;
				CLANG_WARN_BOOL_CONVERSION = YES;
				CLANG_WARN_COMMA = YES;
				CLANG_WARN_CONSTANT_CONVERSION = YES;
				CLANG_WARN_DEPRECATED_OBJC_IMPLEMENTATIONS = YES;
				CLANG_WARN_DIRECT_OBJC_ISA_USAGE = YES_ERROR;
				CLANG_WARN_DOCUMENTATION_COMMENTS = YES;
				CLANG_WARN_EMPTY_BODY = YES;
				CLANG_WARN_ENUM_CONVERSION = YES;
				CLANG_WARN_INFINITE_RECURSION = YES;
				CLANG_WARN_INT_CONVERSION = YES;
				CLANG_WARN_NON_LITERAL_NULL_CONVERSION = YES;
				CLANG_WARN_OBJC_IMPLICIT_RETAIN_SELF = YES;
				CLANG_WARN_OBJC_LITERAL_CONVERSION = YES;
				CLANG_WARN_OBJC_ROOT_CLASS = YES_ERROR;
				CLANG_WARN_QUOTED_INCLUDE_IN_FRAMEWORK_HEADER = YES;
				CLANG_WARN_RANGE_LOOP_ANALYSIS = YES;
				CLANG_WARN_STRICT_PROTOTYPES = YES;
				CLANG_WARN_SUSPICIOUS_MOVE = YES;
				CLANG_WARN_UNGUARDED_AVAILABILITY = YES_AGGRESSIVE;
				CLANG_WARN_UNREACHABLE_CODE = YES;
				CLANG_WARN__DUPLICATE_METHOD_MATCH = YES;
				COPY_PHASE_STRIP = NO;
				DEBUG_INFORMATION_FORMAT = dwarf;
				ENABLE_STRICT_OBJC_MSGSEND = YES;
				ENABLE_TESTABILITY = YES;
				ENABLE_USER_SCRIPT_SANDBOXING = YES;
				GCC_C_LANGUAGE_STANDARD = gnu17;
				GCC_DYNAMIC_NO_PIC = NO;
				GCC_NO_COMMON_BLOCKS = YES;
				GCC_OPTIMIZATION_LEVEL = 0;
				GCC_PREPROCESSOR_DEFINITIONS = (
					"DEBUG=1",
					"$(inherited)",
				);
				GCC_WARN_64_TO_32_BIT_CONVERSION = YES;
				GCC_WARN_ABOUT_RETURN_TYPE = YES_ERROR;
				GCC_WARN_UNDECLARED_SELECTOR = YES;
				GCC_WARN_UNINITIALIZED_AUTOS = YES_AGGRESSIVE;
				GCC_WARN_UNUSED_FUNCTION = YES;
				GCC_WARN_UNUSED_VARIABLE = YES;
				LOCALIZATION_PREFERS_STRING_CATALOGS = YES;
				MACOSX_DEPLOYMENT_TARGET = 14.2;
				MTL_ENABLE_DEBUG_INFO = INCLUDE_SOURCE;
				MTL_FAST_MATH = YES;
				ONLY_ACTIVE_ARCH = YES;
				SDKROOT = macosx;
				SWIFT_ACTIVE_COMPILATION_CONDITIONS = "DEBUG $(inherited)";
				SWIFT_OPTIMIZATION_LEVEL = "-Onone";
			};
			name = Debug;
		};
		2501EFC92B9760A1006326D9 /* Release */ = {
			isa = XCBuildConfiguration;
			buildSettings = {
				ALWAYS_SEARCH_USER_PATHS = NO;
				ASSETCATALOG_COMPILER_GENERATE_SWIFT_ASSET_SYMBOL_EXTENSIONS = YES;
				CLANG_ANALYZER_NONNULL = YES;
				CLANG_ANALYZER_NUMBER_OBJECT_CONVERSION = YES_AGGRESSIVE;
				CLANG_CXX_LANGUAGE_STANDARD = "gnu++20";
				CLANG_ENABLE_MODULES = YES;
				CLANG_ENABLE_OBJC_ARC = YES;
				CLANG_ENABLE_OBJC_WEAK = YES;
				CLANG_WARN_BLOCK_CAPTURE_AUTORELEASING = YES;
				CLANG_WARN_BOOL_CONVERSION = YES;
				CLANG_WARN_COMMA = YES;
				CLANG_WARN_CONSTANT_CONVERSION = YES;
				CLANG_WARN_DEPRECATED_OBJC_IMPLEMENTATIONS = YES;
				CLANG_WARN_DIRECT_OBJC_ISA_USAGE = YES_ERROR;
				CLANG_WARN_DOCUMENTATION_COMMENTS = YES;
				CLANG_WARN_EMPTY_BODY = YES;
				CLANG_WARN_ENUM_CONVERSION = YES;
				CLANG_WARN_INFINITE_RECURSION = YES;
				CLANG_WARN_INT_CONVERSION = YES;
				CLANG_WARN_NON_LITERAL_NULL_CONVERSION = YES;
				CLANG_WARN_OBJC_IMPLICIT_RETAIN_SELF = YES;
				CLANG_WARN_OBJC_LITERAL_CONVERSION = YES;
				CLANG_WARN_OBJC_ROOT_CLASS = YES_ERROR;
				CLANG_WARN_QUOTED_INCLUDE_IN_FRAMEWORK_HEADER = YES;
				CLANG_WARN_RANGE_LOOP_ANALYSIS = YES;
				CLANG_WARN_STRICT_PROTOTYPES = YES;
				CLANG_WARN_SUSPICIOUS_MOVE = YES;
				CLANG_WARN_UNGUARDED_AVAILABILITY = YES_AGGRESSIVE;
				CLANG_WARN_UNREACHABLE_CODE = YES;
				CLANG_WARN__DUPLICATE_METHOD_MATCH = YES;
				COPY_PHASE_STRIP = NO;
				DEBUG_INFORMATION_FORMAT = "dwarf-with-dsym";
				ENABLE_NS_ASSERTIONS = NO;
				ENABLE_STRICT_OBJC_MSGSEND = YES;
				ENABLE_USER_SCRIPT_SANDBOXING = YES;
				GCC_C_LANGUAGE_STANDARD = gnu17;
				GCC_NO_COMMON_BLOCKS = YES;
				GCC_WARN_64_TO_32_BIT_CONVERSION = YES;
				GCC_WARN_ABOUT_RETURN_TYPE = YES_ERROR;
				GCC_WARN_UNDECLARED_SELECTOR = YES;
				GCC_WARN_UNINITIALIZED_AUTOS = YES_AGGRESSIVE;
				GCC_WARN_UNUSED_FUNCTION = YES;
				GCC_WARN_UNUSED_VARIABLE = YES;
				LOCALIZATION_PREFERS_STRING_CATALOGS = YES;
				MACOSX_DEPLOYMENT_TARGET = 14.2;
				MTL_ENABLE_DEBUG_INFO = NO;
				MTL_FAST_MATH = YES;
				SDKROOT = macosx;
				SWIFT_COMPILATION_MODE = wholemodule;
			};
			name = Release;
		};
		2501EFCB2B9760A1006326D9 /* Debug */ = {
			isa = XCBuildConfiguration;
			buildSettings = {
				ASSETCATALOG_COMPILER_APPICON_NAME = AppIcon;
				ASSETCATALOG_COMPILER_GLOBAL_ACCENT_COLOR_NAME = AccentColor;
				CODE_SIGN_ENTITLEMENTS = Surf/Surf.entitlements;
				CODE_SIGN_STYLE = Automatic;
				COMBINE_HIDPI_IMAGES = YES;
				CURRENT_PROJECT_VERSION = 1;
				DEVELOPMENT_ASSET_PATHS = "\"Surf/Preview Content\"";
				DEVELOPMENT_TEAM = 8T4P9D4TB2;
				ENABLE_HARDENED_RUNTIME = YES;
				ENABLE_PREVIEWS = YES;
				GENERATE_INFOPLIST_FILE = YES;
				INFOPLIST_KEY_LSApplicationCategoryType = "public.app-category.social-networking";
				INFOPLIST_KEY_NSHumanReadableCopyright = "";
				LD_RUNPATH_SEARCH_PATHS = (
					"$(inherited)",
					"@executable_path/../Frameworks",
				);
				MARKETING_VERSION = 1.0;
				PRODUCT_BUNDLE_IDENTIFIER = app.magicalsoft.Surf;
				PRODUCT_NAME = "$(TARGET_NAME)";
				SWIFT_EMIT_LOC_STRINGS = YES;
				SWIFT_VERSION = 5.0;
			};
			name = Debug;
		};
		2501EFCC2B9760A1006326D9 /* Release */ = {
			isa = XCBuildConfiguration;
			buildSettings = {
				ASSETCATALOG_COMPILER_APPICON_NAME = AppIcon;
				ASSETCATALOG_COMPILER_GLOBAL_ACCENT_COLOR_NAME = AccentColor;
				CODE_SIGN_ENTITLEMENTS = Surf/Surf.entitlements;
				CODE_SIGN_STYLE = Automatic;
				COMBINE_HIDPI_IMAGES = YES;
				CURRENT_PROJECT_VERSION = 1;
				DEVELOPMENT_ASSET_PATHS = "\"Surf/Preview Content\"";
				DEVELOPMENT_TEAM = 8T4P9D4TB2;
				ENABLE_HARDENED_RUNTIME = YES;
				ENABLE_PREVIEWS = YES;
				GENERATE_INFOPLIST_FILE = YES;
				INFOPLIST_KEY_LSApplicationCategoryType = "public.app-category.social-networking";
				INFOPLIST_KEY_NSHumanReadableCopyright = "";
				LD_RUNPATH_SEARCH_PATHS = (
					"$(inherited)",
					"@executable_path/../Frameworks",
				);
				MARKETING_VERSION = 1.0;
				PRODUCT_BUNDLE_IDENTIFIER = app.magicalsoft.Surf;
				PRODUCT_NAME = "$(TARGET_NAME)";
				SWIFT_EMIT_LOC_STRINGS = YES;
				SWIFT_VERSION = 5.0;
			};
			name = Release;
		};
		2501EFCE2B9760A1006326D9 /* Debug */ = {
			isa = XCBuildConfiguration;
			buildSettings = {
				ALWAYS_EMBED_SWIFT_STANDARD_LIBRARIES = YES;
				BUNDLE_LOADER = "$(TEST_HOST)";
				CODE_SIGN_STYLE = Automatic;
				CURRENT_PROJECT_VERSION = 1;
				DEVELOPMENT_TEAM = 8T4P9D4TB2;
				GENERATE_INFOPLIST_FILE = YES;
				MACOSX_DEPLOYMENT_TARGET = 14.2;
				MARKETING_VERSION = 1.0;
				PRODUCT_BUNDLE_IDENTIFIER = app.magicalsoft.SurfTests;
				PRODUCT_NAME = "$(TARGET_NAME)";
				SWIFT_EMIT_LOC_STRINGS = NO;
				SWIFT_VERSION = 5.0;
				TEST_HOST = "$(BUILT_PRODUCTS_DIR)/Surf.app/$(BUNDLE_EXECUTABLE_FOLDER_PATH)/Surf";
			};
			name = Debug;
		};
		2501EFCF2B9760A1006326D9 /* Release */ = {
			isa = XCBuildConfiguration;
			buildSettings = {
				ALWAYS_EMBED_SWIFT_STANDARD_LIBRARIES = YES;
				BUNDLE_LOADER = "$(TEST_HOST)";
				CODE_SIGN_STYLE = Automatic;
				CURRENT_PROJECT_VERSION = 1;
				DEVELOPMENT_TEAM = 8T4P9D4TB2;
				GENERATE_INFOPLIST_FILE = YES;
				MACOSX_DEPLOYMENT_TARGET = 14.2;
				MARKETING_VERSION = 1.0;
				PRODUCT_BUNDLE_IDENTIFIER = app.magicalsoft.SurfTests;
				PRODUCT_NAME = "$(TARGET_NAME)";
				SWIFT_EMIT_LOC_STRINGS = NO;
				SWIFT_VERSION = 5.0;
				TEST_HOST = "$(BUILT_PRODUCTS_DIR)/Surf.app/$(BUNDLE_EXECUTABLE_FOLDER_PATH)/Surf";
			};
			name = Release;
		};
		2501EFD12B9760A1006326D9 /* Debug */ = {
			isa = XCBuildConfiguration;
			buildSettings = {
				ALWAYS_EMBED_SWIFT_STANDARD_LIBRARIES = YES;
				CODE_SIGN_STYLE = Automatic;
				CURRENT_PROJECT_VERSION = 1;
				DEVELOPMENT_TEAM = 8T4P9D4TB2;
				GENERATE_INFOPLIST_FILE = YES;
				MARKETING_VERSION = 1.0;
				PRODUCT_BUNDLE_IDENTIFIER = app.magicalsoft.SurfUITests;
				PRODUCT_NAME = "$(TARGET_NAME)";
				SWIFT_EMIT_LOC_STRINGS = NO;
				SWIFT_VERSION = 5.0;
				TEST_TARGET_NAME = Surf;
			};
			name = Debug;
		};
		2501EFD22B9760A1006326D9 /* Release */ = {
			isa = XCBuildConfiguration;
			buildSettings = {
				ALWAYS_EMBED_SWIFT_STANDARD_LIBRARIES = YES;
				CODE_SIGN_STYLE = Automatic;
				CURRENT_PROJECT_VERSION = 1;
				DEVELOPMENT_TEAM = 8T4P9D4TB2;
				GENERATE_INFOPLIST_FILE = YES;
				MARKETING_VERSION = 1.0;
				PRODUCT_BUNDLE_IDENTIFIER = app.magicalsoft.SurfUITests;
				PRODUCT_NAME = "$(TARGET_NAME)";
				SWIFT_EMIT_LOC_STRINGS = NO;
				SWIFT_VERSION = 5.0;
				TEST_TARGET_NAME = Surf;
			};
			name = Release;
		};
/* End XCBuildConfiguration section */

/* Begin XCConfigurationList section */
		2501EFA02B9760A0006326D9 /* Build configuration list for PBXProject "Surf" */ = {
			isa = XCConfigurationList;
			buildConfigurations = (
				2501EFC82B9760A1006326D9 /* Debug */,
				2501EFC92B9760A1006326D9 /* Release */,
			);
			defaultConfigurationIsVisible = 0;
			defaultConfigurationName = Release;
		};
		2501EFCA2B9760A1006326D9 /* Build configuration list for PBXNativeTarget "Surf" */ = {
			isa = XCConfigurationList;
			buildConfigurations = (
				2501EFCB2B9760A1006326D9 /* Debug */,
				2501EFCC2B9760A1006326D9 /* Release */,
			);
			defaultConfigurationIsVisible = 0;
			defaultConfigurationName = Release;
		};
		2501EFCD2B9760A1006326D9 /* Build configuration list for PBXNativeTarget "SurfTests" */ = {
			isa = XCConfigurationList;
			buildConfigurations = (
				2501EFCE2B9760A1006326D9 /* Debug */,
				2501EFCF2B9760A1006326D9 /* Release */,
			);
			defaultConfigurationIsVisible = 0;
			defaultConfigurationName = Release;
		};
		2501EFD02B9760A1006326D9 /* Build configuration list for PBXNativeTarget "SurfUITests" */ = {
			isa = XCConfigurationList;
			buildConfigurations = (
				2501EFD12B9760A1006326D9 /* Debug */,
				2501EFD22B9760A1006326D9 /* Release */,
			);
			defaultConfigurationIsVisible = 0;
			defaultConfigurationName = Release;
		};
/* End XCConfigurationList section */
	};
	rootObject = 2501EF9D2B9760A0006326D9 /* Project object */;
}
