// !$*UTF8*$!
{
	archiveVersion = 1;
	classes = {
	};
	objectVersion = 60;
	objects = {

/* Begin PBXBuildFile section */
		2501EFA92B9760A0006326D9 /* SurfApp.swift in Sources */ = {isa = PBXBuildFile; fileRef = 2501EFA82B9760A0006326D9 /* SurfApp.swift */; };
		2501EFAD2B9760A1006326D9 /* Assets.xcassets in Resources */ = {isa = PBXBuildFile; fileRef = 2501EFAC2B9760A1006326D9 /* Assets.xcassets */; };
		2501EFB02B9760A1006326D9 /* Preview Assets.xcassets in Resources */ = {isa = PBXBuildFile; fileRef = 2501EFAF2B9760A1006326D9 /* Preview Assets.xcassets */; };
		2501EFBB2B9760A1006326D9 /* SurfTests.swift in Sources */ = {isa = PBXBuildFile; fileRef = 2501EFBA2B9760A1006326D9 /* SurfTests.swift */; };
		2501EFC52B9760A1006326D9 /* SurfUITests.swift in Sources */ = {isa = PBXBuildFile; fileRef = 2501EFC42B9760A1006326D9 /* SurfUITests.swift */; };
		2501EFC72B9760A1006326D9 /* SurfUITestsLaunchTests.swift in Sources */ = {isa = PBXBuildFile; fileRef = 2501EFC62B9760A1006326D9 /* SurfUITestsLaunchTests.swift */; };
		250217102BA9DF62006FE025 /* WindowManagement in Frameworks */ = {isa = PBXBuildFile; productRef = 2502170F2BA9DF62006FE025 /* WindowManagement */; };
		250217122BA9DF97006FE025 /* BrowserWindowView.swift in Sources */ = {isa = PBXBuildFile; fileRef = 250217112BA9DF97006FE025 /* BrowserWindowView.swift */; };
		250217142BA9DFED006FE025 /* SceneID.swift in Sources */ = {isa = PBXBuildFile; fileRef = 250217132BA9DFED006FE025 /* SceneID.swift */; };
		250217162BAAE6DB006FE025 /* AppDelegate.swift in Sources */ = {isa = PBXBuildFile; fileRef = 250217152BAAE6DB006FE025 /* AppDelegate.swift */; };
		250217192BAAECC7006FE025 /* Logger.swift in Sources */ = {isa = PBXBuildFile; fileRef = 250217182BAAECC7006FE025 /* Logger.swift */; };
		2502171C2BAB346F006FE025 /* DataTypes.swift in Sources */ = {isa = PBXBuildFile; fileRef = 2502171B2BAB346F006FE025 /* DataTypes.swift */; };
		2502171E2BAB3484006FE025 /* FXAdoptor.swift in Sources */ = {isa = PBXBuildFile; fileRef = 2502171D2BAB3484006FE025 /* FXAdoptor.swift */; };
		250217212BAB34AD006FE025 /* Rand.swift in Sources */ = {isa = PBXBuildFile; fileRef = 250217202BAB34AD006FE025 /* Rand.swift */; };
		250217242BAB34E1006FE025 /* DataLogic in Frameworks */ = {isa = PBXBuildFile; productRef = 250217232BAB34E1006FE025 /* DataLogic */; };
		250217262BAB34F4006FE025 /* RandSecure.swift in Sources */ = {isa = PBXBuildFile; fileRef = 250217252BAB34F4006FE025 /* RandSecure.swift */; };
		250217282BAB3524006FE025 /* SUM.swift in Sources */ = {isa = PBXBuildFile; fileRef = 250217272BAB3524006FE025 /* SUM.swift */; };
		2529E8F52BC527E400CA4B70 /* SFGlassView.swift in Sources */ = {isa = PBXBuildFile; fileRef = 2529E8F42BC527E400CA4B70 /* SFGlassView.swift */; };
		2529E8F72BC656C100CA4B70 /* SFGlassButton.swift in Sources */ = {isa = PBXBuildFile; fileRef = 2529E8F62BC656C100CA4B70 /* SFGlassButton.swift */; };
		252B7F4C2BC90C9400493E09 /* TabSession.swift in Sources */ = {isa = PBXBuildFile; fileRef = 252B7F4B2BC90C9400493E09 /* TabSession.swift */; };
		252B7F4E2BC90CD900493E09 /* BrowserViewModel.swift in Sources */ = {isa = PBXBuildFile; fileRef = 252B7F4D2BC90CD900493E09 /* BrowserViewModel.swift */; };
		254355A32BD8088800AE82D7 /* ChromeBridgeView.swift in Sources */ = {isa = PBXBuildFile; fileRef = 254355A22BD8088800AE82D7 /* ChromeBridgeView.swift */; };
		257BE7672BC03F8700F2F640 /* MLAdaptor.swift in Sources */ = {isa = PBXBuildFile; fileRef = 257BE7662BC03F8700F2F640 /* MLAdaptor.swift */; };
		2586A8012BADCDAD00115136 /* WebKitBridgeView.swift in Sources */ = {isa = PBXBuildFile; fileRef = 2586A8002BADCDAD00115136 /* WebKitBridgeView.swift */; };
		258DBF402BDDC7B50059560B /* ViewModel.swift in Sources */ = {isa = PBXBuildFile; fileRef = 258DBF3F2BDDC7B50059560B /* ViewModel.swift */; };
		258DBF422BDDC7E70059560B /* Sparkle in Frameworks */ = {isa = PBXBuildFile; productRef = 258DBF412BDDC7E70059560B /* Sparkle */; };
		258DBF442BDDC94F0059560B /* UpdaterView.swift in Sources */ = {isa = PBXBuildFile; fileRef = 258DBF432BDDC94F0059560B /* UpdaterView.swift */; };
		259613D12B9A20AB00BE6DA4 /* SFWebKit.swift in Sources */ = {isa = PBXBuildFile; fileRef = 259613D02B9A20AB00BE6DA4 /* SFWebKit.swift */; };
		259C54092BC3EFB100D5B9D2 /* SFAddressBar.swift in Sources */ = {isa = PBXBuildFile; fileRef = 259C54082BC3EFB100D5B9D2 /* SFAddressBar.swift */; };
		259C540B2BC4E6E100D5B9D2 /* LLAMAAdaptor.swift in Sources */ = {isa = PBXBuildFile; fileRef = 259C540A2BC4E6E100D5B9D2 /* LLAMAAdaptor.swift */; };
		259C540E2BC50FF600D5B9D2 /* llama in Frameworks */ = {isa = PBXBuildFile; productRef = 259C540D2BC50FF600D5B9D2 /* llama */; };
		259C54102BC5155B00D5B9D2 /* SFBrowserTab.swift in Sources */ = {isa = PBXBuildFile; fileRef = 259C540F2BC5155B00D5B9D2 /* SFBrowserTab.swift */; };
		25B101962BA9DEDC00263E35 /* BrowserWindow.swift in Sources */ = {isa = PBXBuildFile; fileRef = 25B101952BA9DEDC00263E35 /* BrowserWindow.swift */; };
		25E0A9E72BB3B5DD0067F2C8 /* FlexDB in Frameworks */ = {isa = PBXBuildFile; productRef = 25E0A9E62BB3B5DD0067F2C8 /* FlexDB */; };
/* End PBXBuildFile section */

/* Begin PBXContainerItemProxy section */
		2501EFB72B9760A1006326D9 /* PBXContainerItemProxy */ = {
			isa = PBXContainerItemProxy;
			containerPortal = 2501EF9D2B9760A0006326D9 /* Project object */;
			proxyType = 1;
			remoteGlobalIDString = 2501EFA42B9760A0006326D9;
			remoteInfo = Surf;
		};
		2501EFC12B9760A1006326D9 /* PBXContainerItemProxy */ = {
			isa = PBXContainerItemProxy;
			containerPortal = 2501EF9D2B9760A0006326D9 /* Project object */;
			proxyType = 1;
			remoteGlobalIDString = 2501EFA42B9760A0006326D9;
			remoteInfo = Surf;
		};
/* End PBXContainerItemProxy section */

/* Begin PBXFileReference section */
		2501EFA52B9760A0006326D9 /* Surf.app */ = {isa = PBXFileReference; explicitFileType = wrapper.application; includeInIndex = 0; path = Surf.app; sourceTree = BUILT_PRODUCTS_DIR; };
		2501EFA82B9760A0006326D9 /* SurfApp.swift */ = {isa = PBXFileReference; lastKnownFileType = sourcecode.swift; path = SurfApp.swift; sourceTree = "<group>"; };
		2501EFAC2B9760A1006326D9 /* Assets.xcassets */ = {isa = PBXFileReference; lastKnownFileType = folder.assetcatalog; path = Assets.xcassets; sourceTree = "<group>"; };
		2501EFAF2B9760A1006326D9 /* Preview Assets.xcassets */ = {isa = PBXFileReference; lastKnownFileType = folder.assetcatalog; path = "Preview Assets.xcassets"; sourceTree = "<group>"; };
		2501EFB12B9760A1006326D9 /* Surf.entitlements */ = {isa = PBXFileReference; lastKnownFileType = text.plist.entitlements; path = Surf.entitlements; sourceTree = "<group>"; };
		2501EFB62B9760A1006326D9 /* SurfTests.xctest */ = {isa = PBXFileReference; explicitFileType = wrapper.cfbundle; includeInIndex = 0; path = SurfTests.xctest; sourceTree = BUILT_PRODUCTS_DIR; };
		2501EFBA2B9760A1006326D9 /* SurfTests.swift */ = {isa = PBXFileReference; lastKnownFileType = sourcecode.swift; path = SurfTests.swift; sourceTree = "<group>"; };
		2501EFC02B9760A1006326D9 /* SurfUITests.xctest */ = {isa = PBXFileReference; explicitFileType = wrapper.cfbundle; includeInIndex = 0; path = SurfUITests.xctest; sourceTree = BUILT_PRODUCTS_DIR; };
		2501EFC42B9760A1006326D9 /* SurfUITests.swift */ = {isa = PBXFileReference; lastKnownFileType = sourcecode.swift; path = SurfUITests.swift; sourceTree = "<group>"; };
		2501EFC62B9760A1006326D9 /* SurfUITestsLaunchTests.swift */ = {isa = PBXFileReference; lastKnownFileType = sourcecode.swift; path = SurfUITestsLaunchTests.swift; sourceTree = "<group>"; };
		250217112BA9DF97006FE025 /* BrowserWindowView.swift */ = {isa = PBXFileReference; lastKnownFileType = sourcecode.swift; path = BrowserWindowView.swift; sourceTree = "<group>"; };
		250217132BA9DFED006FE025 /* SceneID.swift */ = {isa = PBXFileReference; lastKnownFileType = sourcecode.swift; path = SceneID.swift; sourceTree = "<group>"; };
		250217152BAAE6DB006FE025 /* AppDelegate.swift */ = {isa = PBXFileReference; lastKnownFileType = sourcecode.swift; path = AppDelegate.swift; sourceTree = "<group>"; };
		250217182BAAECC7006FE025 /* Logger.swift */ = {isa = PBXFileReference; lastKnownFileType = sourcecode.swift; path = Logger.swift; sourceTree = "<group>"; };
		2502171B2BAB346F006FE025 /* DataTypes.swift */ = {isa = PBXFileReference; lastKnownFileType = sourcecode.swift; path = DataTypes.swift; sourceTree = "<group>"; };
		2502171D2BAB3484006FE025 /* FXAdoptor.swift */ = {isa = PBXFileReference; lastKnownFileType = sourcecode.swift; path = FXAdoptor.swift; sourceTree = "<group>"; };
		250217202BAB34AD006FE025 /* Rand.swift */ = {isa = PBXFileReference; lastKnownFileType = sourcecode.swift; path = Rand.swift; sourceTree = "<group>"; };
		250217252BAB34F4006FE025 /* RandSecure.swift */ = {isa = PBXFileReference; lastKnownFileType = sourcecode.swift; path = RandSecure.swift; sourceTree = "<group>"; };
		250217272BAB3524006FE025 /* SUM.swift */ = {isa = PBXFileReference; lastKnownFileType = sourcecode.swift; path = SUM.swift; sourceTree = "<group>"; };
		2529E8F42BC527E400CA4B70 /* SFGlassView.swift */ = {isa = PBXFileReference; lastKnownFileType = sourcecode.swift; path = SFGlassView.swift; sourceTree = "<group>"; };
		2529E8F62BC656C100CA4B70 /* SFGlassButton.swift */ = {isa = PBXFileReference; lastKnownFileType = sourcecode.swift; path = SFGlassButton.swift; sourceTree = "<group>"; };
		252B7F4B2BC90C9400493E09 /* TabSession.swift */ = {isa = PBXFileReference; lastKnownFileType = sourcecode.swift; path = TabSession.swift; sourceTree = "<group>"; };
		252B7F4D2BC90CD900493E09 /* BrowserViewModel.swift */ = {isa = PBXFileReference; lastKnownFileType = sourcecode.swift; path = BrowserViewModel.swift; sourceTree = "<group>"; };
		2543559E2BD8086E00AE82D7 /* Chromium Embedded Framework.framework */ = {isa = PBXFileReference; lastKnownFileType = wrapper.framework; name = "Chromium Embedded Framework.framework"; path = "../../../../Downloads/cef_binary_123.0.13+gfc703fb+chromium-123.0.6312.124_macosarm64/Release/Chromium Embedded Framework.framework"; sourceTree = "<group>"; };
		254355A22BD8088800AE82D7 /* ChromeBridgeView.swift */ = {isa = PBXFileReference; lastKnownFileType = sourcecode.swift; path = ChromeBridgeView.swift; sourceTree = "<group>"; };
		257BE7662BC03F8700F2F640 /* MLAdaptor.swift */ = {isa = PBXFileReference; lastKnownFileType = sourcecode.swift; path = MLAdaptor.swift; sourceTree = "<group>"; };
		2580D6952BE468240051254A /* Info.plist */ = {isa = PBXFileReference; lastKnownFileType = text.plist; path = Info.plist; sourceTree = "<group>"; };
		2586A8002BADCDAD00115136 /* WebKitBridgeView.swift */ = {isa = PBXFileReference; lastKnownFileType = sourcecode.swift; path = WebKitBridgeView.swift; sourceTree = "<group>"; };
		258DBF3F2BDDC7B50059560B /* ViewModel.swift */ = {isa = PBXFileReference; lastKnownFileType = sourcecode.swift; path = ViewModel.swift; sourceTree = "<group>"; };
		258DBF432BDDC94F0059560B /* UpdaterView.swift */ = {isa = PBXFileReference; lastKnownFileType = sourcecode.swift; path = UpdaterView.swift; sourceTree = "<group>"; };
		259613D02B9A20AB00BE6DA4 /* SFWebKit.swift */ = {isa = PBXFileReference; lastKnownFileType = sourcecode.swift; path = SFWebKit.swift; sourceTree = "<group>"; };
		259A472E2B9AC6160062BCE8 /* WebKit.framework */ = {isa = PBXFileReference; lastKnownFileType = wrapper.framework; name = WebKit.framework; path = System/Library/Frameworks/WebKit.framework; sourceTree = SDKROOT; };
		259C54082BC3EFB100D5B9D2 /* SFAddressBar.swift */ = {isa = PBXFileReference; lastKnownFileType = sourcecode.swift; path = SFAddressBar.swift; sourceTree = "<group>"; };
		259C540A2BC4E6E100D5B9D2 /* LLAMAAdaptor.swift */ = {isa = PBXFileReference; lastKnownFileType = sourcecode.swift; path = LLAMAAdaptor.swift; sourceTree = "<group>"; };
		259C540F2BC5155B00D5B9D2 /* SFBrowserTab.swift */ = {isa = PBXFileReference; lastKnownFileType = sourcecode.swift; path = SFBrowserTab.swift; sourceTree = "<group>"; };
		25B101952BA9DEDC00263E35 /* BrowserWindow.swift */ = {isa = PBXFileReference; lastKnownFileType = sourcecode.swift; path = BrowserWindow.swift; sourceTree = "<group>"; };
/* End PBXFileReference section */

/* Begin PBXFrameworksBuildPhase section */
		2501EFA22B9760A0006326D9 /* Frameworks */ = {
			isa = PBXFrameworksBuildPhase;
			buildActionMask = 2147483647;
			files = (
				258DBF422BDDC7E70059560B /* Sparkle in Frameworks */,
				259C540E2BC50FF600D5B9D2 /* llama in Frameworks */,
				250217102BA9DF62006FE025 /* WindowManagement in Frameworks */,
				250217242BAB34E1006FE025 /* DataLogic in Frameworks */,
				25E0A9E72BB3B5DD0067F2C8 /* FlexDB in Frameworks */,
			);
			runOnlyForDeploymentPostprocessing = 0;
		};
		2501EFB32B9760A1006326D9 /* Frameworks */ = {
			isa = PBXFrameworksBuildPhase;
			buildActionMask = 2147483647;
			files = (
			);
			runOnlyForDeploymentPostprocessing = 0;
		};
		2501EFBD2B9760A1006326D9 /* Frameworks */ = {
			isa = PBXFrameworksBuildPhase;
			buildActionMask = 2147483647;
			files = (
			);
			runOnlyForDeploymentPostprocessing = 0;
		};
/* End PBXFrameworksBuildPhase section */

/* Begin PBXGroup section */
		2501EF9C2B9760A0006326D9 = {
			isa = PBXGroup;
			children = (
				257BE7652BC03F7300F2F640 /* Boom */,
				2502171A2BAB3451006FE025 /* SFTensorl */,
				250217172BAAE7E7006FE025 /* SurfCore */,
				2501EFA72B9760A0006326D9 /* Surf */,
				2501EFB92B9760A1006326D9 /* SurfTests */,
				2501EFC32B9760A1006326D9 /* SurfUITests */,
				2501EFA62B9760A0006326D9 /* Products */,
				259A472D2B9AC6160062BCE8 /* Frameworks */,
			);
			sourceTree = "<group>";
		};
		2501EFA62B9760A0006326D9 /* Products */ = {
			isa = PBXGroup;
			children = (
				2501EFA52B9760A0006326D9 /* Surf.app */,
				2501EFB62B9760A1006326D9 /* SurfTests.xctest */,
				2501EFC02B9760A1006326D9 /* SurfUITests.xctest */,
			);
			name = Products;
			sourceTree = "<group>";
		};
		2501EFA72B9760A0006326D9 /* Surf */ = {
			isa = PBXGroup;
			children = (
				2580D6952BE468240051254A /* Info.plist */,
				258DBF3E2BDDC7A50059560B /* Updater */,
				250217292BAC384F006FE025 /* Views */,
				25B101932BA9DEB700263E35 /* Windows */,
				2501EFA82B9760A0006326D9 /* SurfApp.swift */,
				2501EFAC2B9760A1006326D9 /* Assets.xcassets */,
				2501EFB12B9760A1006326D9 /* Surf.entitlements */,
				2501EFAE2B9760A1006326D9 /* Preview Content */,
				250217132BA9DFED006FE025 /* SceneID.swift */,
				250217152BAAE6DB006FE025 /* AppDelegate.swift */,
			);
			path = Surf;
			sourceTree = "<group>";
		};
		2501EFAE2B9760A1006326D9 /* Preview Content */ = {
			isa = PBXGroup;
			children = (
				2501EFAF2B9760A1006326D9 /* Preview Assets.xcassets */,
			);
			path = "Preview Content";
			sourceTree = "<group>";
		};
		2501EFB92B9760A1006326D9 /* SurfTests */ = {
			isa = PBXGroup;
			children = (
				2501EFBA2B9760A1006326D9 /* SurfTests.swift */,
			);
			path = SurfTests;
			sourceTree = "<group>";
		};
		2501EFC32B9760A1006326D9 /* SurfUITests */ = {
			isa = PBXGroup;
			children = (
				2501EFC42B9760A1006326D9 /* SurfUITests.swift */,
				2501EFC62B9760A1006326D9 /* SurfUITestsLaunchTests.swift */,
			);
			path = SurfUITests;
			sourceTree = "<group>";
		};
		250217172BAAE7E7006FE025 /* SurfCore */ = {
			isa = PBXGroup;
			children = (
				250217182BAAECC7006FE025 /* Logger.swift */,
			);
			path = SurfCore;
			sourceTree = "<group>";
		};
		2502171A2BAB3451006FE025 /* SFTensorl */ = {
			isa = PBXGroup;
			children = (
				2502171F2BAB3497006FE025 /* Functions */,
				2502171B2BAB346F006FE025 /* DataTypes.swift */,
				2502171D2BAB3484006FE025 /* FXAdoptor.swift */,
			);
			path = SFTensorl;
			sourceTree = "<group>";
		};
		2502171F2BAB3497006FE025 /* Functions */ = {
			isa = PBXGroup;
			children = (
				250217202BAB34AD006FE025 /* Rand.swift */,
				250217252BAB34F4006FE025 /* RandSecure.swift */,
				250217272BAB3524006FE025 /* SUM.swift */,
			);
			path = Functions;
			sourceTree = "<group>";
		};
		250217292BAC384F006FE025 /* Views */ = {
			isa = PBXGroup;
			children = (
				259613D02B9A20AB00BE6DA4 /* SFWebKit.swift */,
				2586A8002BADCDAD00115136 /* WebKitBridgeView.swift */,
				259C54082BC3EFB100D5B9D2 /* SFAddressBar.swift */,
				259C540F2BC5155B00D5B9D2 /* SFBrowserTab.swift */,
				2529E8F42BC527E400CA4B70 /* SFGlassView.swift */,
				2529E8F62BC656C100CA4B70 /* SFGlassButton.swift */,
				254355A22BD8088800AE82D7 /* ChromeBridgeView.swift */,
			);
			path = Views;
			sourceTree = "<group>";
		};
		252B7F4A2BC90C8600493E09 /* Models */ = {
			isa = PBXGroup;
			children = (
				252B7F4B2BC90C9400493E09 /* TabSession.swift */,
			);
			path = Models;
			sourceTree = "<group>";
		};
		257BE7652BC03F7300F2F640 /* Boom */ = {
			isa = PBXGroup;
			children = (
				257BE7662BC03F8700F2F640 /* MLAdaptor.swift */,
				259C540A2BC4E6E100D5B9D2 /* LLAMAAdaptor.swift */,
			);
			path = Boom;
			sourceTree = "<group>";
		};
		258DBF3E2BDDC7A50059560B /* Updater */ = {
			isa = PBXGroup;
			children = (
				258DBF3F2BDDC7B50059560B /* ViewModel.swift */,
				258DBF432BDDC94F0059560B /* UpdaterView.swift */,
			);
			path = Updater;
			sourceTree = "<group>";
		};
		259A472D2B9AC6160062BCE8 /* Frameworks */ = {
			isa = PBXGroup;
			children = (
				2543559E2BD8086E00AE82D7 /* Chromium Embedded Framework.framework */,
				259A472E2B9AC6160062BCE8 /* WebKit.framework */,
			);
			name = Frameworks;
			sourceTree = "<group>";
		};
		25B101932BA9DEB700263E35 /* Windows */ = {
			isa = PBXGroup;
			children = (
				25B101942BA9DEC500263E35 /* Browser */,
			);
			path = Windows;
			sourceTree = "<group>";
		};
		25B101942BA9DEC500263E35 /* Browser */ = {
			isa = PBXGroup;
			children = (
				252B7F4A2BC90C8600493E09 /* Models */,
				25B101952BA9DEDC00263E35 /* BrowserWindow.swift */,
				250217112BA9DF97006FE025 /* BrowserWindowView.swift */,
				252B7F4D2BC90CD900493E09 /* BrowserViewModel.swift */,
			);
			path = Browser;
			sourceTree = "<group>";
		};
/* End PBXGroup section */

/* Begin PBXNativeTarget section */
		2501EFA42B9760A0006326D9 /* Surf */ = {
			isa = PBXNativeTarget;
			buildConfigurationList = 2501EFCA2B9760A1006326D9 /* Build configuration list for PBXNativeTarget "Surf" */;
			buildPhases = (
				2501EFA12B9760A0006326D9 /* Sources */,
				2501EFA22B9760A0006326D9 /* Frameworks */,
				2501EFA32B9760A0006326D9 /* Resources */,
			);
			buildRules = (
			);
			dependencies = (
			);
			name = Surf;
			packageProductDependencies = (
				2502170F2BA9DF62006FE025 /* WindowManagement */,
				250217232BAB34E1006FE025 /* DataLogic */,
				25E0A9E62BB3B5DD0067F2C8 /* FlexDB */,
				259C540D2BC50FF600D5B9D2 /* llama */,
				258DBF412BDDC7E70059560B /* Sparkle */,
			);
			productName = Surf;
			productReference = 2501EFA52B9760A0006326D9 /* Surf.app */;
			productType = "com.apple.product-type.application";
		};
		2501EFB52B9760A1006326D9 /* SurfTests */ = {
			isa = PBXNativeTarget;
			buildConfigurationList = 2501EFCD2B9760A1006326D9 /* Build configuration list for PBXNativeTarget "SurfTests" */;
			buildPhases = (
				2501EFB22B9760A1006326D9 /* Sources */,
				2501EFB32B9760A1006326D9 /* Frameworks */,
				2501EFB42B9760A1006326D9 /* Resources */,
			);
			buildRules = (
			);
			dependencies = (
				2501EFB82B9760A1006326D9 /* PBXTargetDependency */,
			);
			name = SurfTests;
			productName = SurfTests;
			productReference = 2501EFB62B9760A1006326D9 /* SurfTests.xctest */;
			productType = "com.apple.product-type.bundle.unit-test";
		};
		2501EFBF2B9760A1006326D9 /* SurfUITests */ = {
			isa = PBXNativeTarget;
			buildConfigurationList = 2501EFD02B9760A1006326D9 /* Build configuration list for PBXNativeTarget "SurfUITests" */;
			buildPhases = (
				2501EFBC2B9760A1006326D9 /* Sources */,
				2501EFBD2B9760A1006326D9 /* Frameworks */,
				2501EFBE2B9760A1006326D9 /* Resources */,
			);
			buildRules = (
			);
			dependencies = (
				2501EFC22B9760A1006326D9 /* PBXTargetDependency */,
			);
			name = SurfUITests;
			productName = SurfUITests;
			productReference = 2501EFC02B9760A1006326D9 /* SurfUITests.xctest */;
			productType = "com.apple.product-type.bundle.ui-testing";
		};
/* End PBXNativeTarget section */

/* Begin PBXProject section */
		2501EF9D2B9760A0006326D9 /* Project object */ = {
			isa = PBXProject;
			attributes = {
				BuildIndependentTargetsInParallel = 1;
				LastSwiftUpdateCheck = 1520;
				LastUpgradeCheck = 1520;
				TargetAttributes = {
					2501EFA42B9760A0006326D9 = {
						CreatedOnToolsVersion = 15.2;
					};
					2501EFB52B9760A1006326D9 = {
						CreatedOnToolsVersion = 15.2;
						TestTargetID = 2501EFA42B9760A0006326D9;
					};
					2501EFBF2B9760A1006326D9 = {
						CreatedOnToolsVersion = 15.2;
						TestTargetID = 2501EFA42B9760A0006326D9;
					};
				};
			};
			buildConfigurationList = 2501EFA02B9760A0006326D9 /* Build configuration list for PBXProject "Surf" */;
			compatibilityVersion = "Xcode 14.0";
			developmentRegion = en;
			hasScannedForEncodings = 0;
			knownRegions = (
				en,
				Base,
			);
			mainGroup = 2501EF9C2B9760A0006326D9;
			packageReferences = (
				25B101922BA9DE7E00263E35 /* XCRemoteSwiftPackageReference "SwiftUI-WindowManagement" */,
				250217222BAB34E1006FE025 /* XCRemoteSwiftPackageReference "DataLogic.swift" */,
				25E0A9E52BB3B5DD0067F2C8 /* XCLocalSwiftPackageReference "../../Source/FlexDB" */,
				259C540C2BC50FF600D5B9D2 /* XCRemoteSwiftPackageReference "llama" */,
				258DBF3D2BDDC6DD0059560B /* XCRemoteSwiftPackageReference "Sparkle" */,
			);
			productRefGroup = 2501EFA62B9760A0006326D9 /* Products */;
			projectDirPath = "";
			projectRoot = "";
			targets = (
				2501EFA42B9760A0006326D9 /* Surf */,
				2501EFB52B9760A1006326D9 /* SurfTests */,
				2501EFBF2B9760A1006326D9 /* SurfUITests */,
			);
		};
/* End PBXProject section */

/* Begin PBXResourcesBuildPhase section */
		2501EFA32B9760A0006326D9 /* Resources */ = {
			isa = PBXResourcesBuildPhase;
			buildActionMask = 2147483647;
			files = (
				2501EFB02B9760A1006326D9 /* Preview Assets.xcassets in Resources */,
				2501EFAD2B9760A1006326D9 /* Assets.xcassets in Resources */,
			);
			runOnlyForDeploymentPostprocessing = 0;
		};
		2501EFB42B9760A1006326D9 /* Resources */ = {
			isa = PBXResourcesBuildPhase;
			buildActionMask = 2147483647;
			files = (
			);
			runOnlyForDeploymentPostprocessing = 0;
		};
		2501EFBE2B9760A1006326D9 /* Resources */ = {
			isa = PBXResourcesBuildPhase;
			buildActionMask = 2147483647;
			files = (
			);
			runOnlyForDeploymentPostprocessing = 0;
		};
/* End PBXResourcesBuildPhase section */

/* Begin PBXSourcesBuildPhase section */
		2501EFA12B9760A0006326D9 /* Sources */ = {
			isa = PBXSourcesBuildPhase;
			buildActionMask = 2147483647;
			files = (
				259C540B2BC4E6E100D5B9D2 /* LLAMAAdaptor.swift in Sources */,
				250217122BA9DF97006FE025 /* BrowserWindowView.swift in Sources */,
				259C54092BC3EFB100D5B9D2 /* SFAddressBar.swift in Sources */,
				252B7F4E2BC90CD900493E09 /* BrowserViewModel.swift in Sources */,
				259C54102BC5155B00D5B9D2 /* SFBrowserTab.swift in Sources */,
				258DBF402BDDC7B50059560B /* ViewModel.swift in Sources */,
				257BE7672BC03F8700F2F640 /* MLAdaptor.swift in Sources */,
				2586A8012BADCDAD00115136 /* WebKitBridgeView.swift in Sources */,
				254355A32BD8088800AE82D7 /* ChromeBridgeView.swift in Sources */,
				250217282BAB3524006FE025 /* SUM.swift in Sources */,
				2502171E2BAB3484006FE025 /* FXAdoptor.swift in Sources */,
				250217262BAB34F4006FE025 /* RandSecure.swift in Sources */,
				258DBF442BDDC94F0059560B /* UpdaterView.swift in Sources */,
				252B7F4C2BC90C9400493E09 /* TabSession.swift in Sources */,
				259613D12B9A20AB00BE6DA4 /* SFWebKit.swift in Sources */,
				2502171C2BAB346F006FE025 /* DataTypes.swift in Sources */,
				250217212BAB34AD006FE025 /* Rand.swift in Sources */,
				25B101962BA9DEDC00263E35 /* BrowserWindow.swift in Sources */,
				2529E8F52BC527E400CA4B70 /* SFGlassView.swift in Sources */,
				250217162BAAE6DB006FE025 /* AppDelegate.swift in Sources */,
				2501EFA92B9760A0006326D9 /* SurfApp.swift in Sources */,
				2529E8F72BC656C100CA4B70 /* SFGlassButton.swift in Sources */,
				250217142BA9DFED006FE025 /* SceneID.swift in Sources */,
				250217192BAAECC7006FE025 /* Logger.swift in Sources */,
			);
			runOnlyForDeploymentPostprocessing = 0;
		};
		2501EFB22B9760A1006326D9 /* Sources */ = {
			isa = PBXSourcesBuildPhase;
			buildActionMask = 2147483647;
			files = (
				2501EFBB2B9760A1006326D9 /* SurfTests.swift in Sources */,
			);
			runOnlyForDeploymentPostprocessing = 0;
		};
		2501EFBC2B9760A1006326D9 /* Sources */ = {
			isa = PBXSourcesBuildPhase;
			buildActionMask = 2147483647;
			files = (
				2501EFC72B9760A1006326D9 /* SurfUITestsLaunchTests.swift in Sources */,
				2501EFC52B9760A1006326D9 /* SurfUITests.swift in Sources */,
			);
			runOnlyForDeploymentPostprocessing = 0;
		};
/* End PBXSourcesBuildPhase section */

/* Begin PBXTargetDependency section */
		2501EFB82B9760A1006326D9 /* PBXTargetDependency */ = {
			isa = PBXTargetDependency;
			target = 2501EFA42B9760A0006326D9 /* Surf */;
			targetProxy = 2501EFB72B9760A1006326D9 /* PBXContainerItemProxy */;
		};
		2501EFC22B9760A1006326D9 /* PBXTargetDependency */ = {
			isa = PBXTargetDependency;
			target = 2501EFA42B9760A0006326D9 /* Surf */;
			targetProxy = 2501EFC12B9760A1006326D9 /* PBXContainerItemProxy */;
		};
/* End PBXTargetDependency section */

/* Begin XCBuildConfiguration section */
		2501EFC82B9760A1006326D9 /* Debug */ = {
			isa = XCBuildConfiguration;
			buildSettings = {
				ALWAYS_SEARCH_USER_PATHS = NO;
				ASSETCATALOG_COMPILER_GENERATE_SWIFT_ASSET_SYMBOL_EXTENSIONS = YES;
				CLANG_ANALYZER_NONNULL = YES;
				CLANG_ANALYZER_NUMBER_OBJECT_CONVERSION = YES_AGGRESSIVE;
				CLANG_CXX_LANGUAGE_STANDARD = "gnu++20";
				CLANG_ENABLE_MODULES = YES;
				CLANG_ENABLE_OBJC_ARC = YES;
				CLANG_ENABLE_OBJC_WEAK = YES;
				CLANG_WARN_BLOCK_CAPTURE_AUTORELEASING = YES;
				CLANG_WARN_BOOL_CONVERSION = YES;
				CLANG_WARN_COMMA = YES;
				CLANG_WARN_CONSTANT_CONVERSION = YES;
				CLANG_WARN_DEPRECATED_OBJC_IMPLEMENTATIONS = YES;
				CLANG_WARN_DIRECT_OBJC_ISA_USAGE = YES_ERROR;
				CLANG_WARN_DOCUMENTATION_COMMENTS = YES;
				CLANG_WARN_EMPTY_BODY = YES;
				CLANG_WARN_ENUM_CONVERSION = YES;
				CLANG_WARN_INFINITE_RECURSION = YES;
				CLANG_WARN_INT_CONVERSION = YES;
				CLANG_WARN_NON_LITERAL_NULL_CONVERSION = YES;
				CLANG_WARN_OBJC_IMPLICIT_RETAIN_SELF = YES;
				CLANG_WARN_OBJC_LITERAL_CONVERSION = YES;
				CLANG_WARN_OBJC_ROOT_CLASS = YES_ERROR;
				CLANG_WARN_QUOTED_INCLUDE_IN_FRAMEWORK_HEADER = YES;
				CLANG_WARN_RANGE_LOOP_ANALYSIS = YES;
				CLANG_WARN_STRICT_PROTOTYPES = YES;
				CLANG_WARN_SUSPICIOUS_MOVE = YES;
				CLANG_WARN_UNGUARDED_AVAILABILITY = YES_AGGRESSIVE;
				CLANG_WARN_UNREACHABLE_CODE = YES;
				CLANG_WARN__DUPLICATE_METHOD_MATCH = YES;
				COPY_PHASE_STRIP = NO;
				DEBUG_INFORMATION_FORMAT = dwarf;
				ENABLE_STRICT_OBJC_MSGSEND = YES;
				ENABLE_TESTABILITY = YES;
				ENABLE_USER_SCRIPT_SANDBOXING = YES;
				GCC_C_LANGUAGE_STANDARD = gnu17;
				GCC_DYNAMIC_NO_PIC = NO;
				GCC_NO_COMMON_BLOCKS = YES;
				GCC_OPTIMIZATION_LEVEL = 0;
				GCC_PREPROCESSOR_DEFINITIONS = (
					"DEBUG=1",
					"$(inherited)",
				);
				GCC_WARN_64_TO_32_BIT_CONVERSION = YES;
				GCC_WARN_ABOUT_RETURN_TYPE = YES_ERROR;
				GCC_WARN_UNDECLARED_SELECTOR = YES;
				GCC_WARN_UNINITIALIZED_AUTOS = YES_AGGRESSIVE;
				GCC_WARN_UNUSED_FUNCTION = YES;
				GCC_WARN_UNUSED_VARIABLE = YES;
				LOCALIZATION_PREFERS_STRING_CATALOGS = YES;
				MACOSX_DEPLOYMENT_TARGET = 14.2;
				MTL_ENABLE_DEBUG_INFO = INCLUDE_SOURCE;
				MTL_FAST_MATH = YES;
				ONLY_ACTIVE_ARCH = YES;
				SDKROOT = macosx;
				SWIFT_ACTIVE_COMPILATION_CONDITIONS = "DEBUG $(inherited)";
				SWIFT_OPTIMIZATION_LEVEL = "-Onone";
			};
			name = Debug;
		};
		2501EFC92B9760A1006326D9 /* Release */ = {
			isa = XCBuildConfiguration;
			buildSettings = {
				ALWAYS_SEARCH_USER_PATHS = NO;
				ASSETCATALOG_COMPILER_GENERATE_SWIFT_ASSET_SYMBOL_EXTENSIONS = YES;
				CLANG_ANALYZER_NONNULL = YES;
				CLANG_ANALYZER_NUMBER_OBJECT_CONVERSION = YES_AGGRESSIVE;
				CLANG_CXX_LANGUAGE_STANDARD = "gnu++20";
				CLANG_ENABLE_MODULES = YES;
				CLANG_ENABLE_OBJC_ARC = YES;
				CLANG_ENABLE_OBJC_WEAK = YES;
				CLANG_WARN_BLOCK_CAPTURE_AUTORELEASING = YES;
				CLANG_WARN_BOOL_CONVERSION = YES;
				CLANG_WARN_COMMA = YES;
				CLANG_WARN_CONSTANT_CONVERSION = YES;
				CLANG_WARN_DEPRECATED_OBJC_IMPLEMENTATIONS = YES;
				CLANG_WARN_DIRECT_OBJC_ISA_USAGE = YES_ERROR;
				CLANG_WARN_DOCUMENTATION_COMMENTS = YES;
				CLANG_WARN_EMPTY_BODY = YES;
				CLANG_WARN_ENUM_CONVERSION = YES;
				CLANG_WARN_INFINITE_RECURSION = YES;
				CLANG_WARN_INT_CONVERSION = YES;
				CLANG_WARN_NON_LITERAL_NULL_CONVERSION = YES;
				CLANG_WARN_OBJC_IMPLICIT_RETAIN_SELF = YES;
				CLANG_WARN_OBJC_LITERAL_CONVERSION = YES;
				CLANG_WARN_OBJC_ROOT_CLASS = YES_ERROR;
				CLANG_WARN_QUOTED_INCLUDE_IN_FRAMEWORK_HEADER = YES;
				CLANG_WARN_RANGE_LOOP_ANALYSIS = YES;
				CLANG_WARN_STRICT_PROTOTYPES = YES;
				CLANG_WARN_SUSPICIOUS_MOVE = YES;
				CLANG_WARN_UNGUARDED_AVAILABILITY = YES_AGGRESSIVE;
				CLANG_WARN_UNREACHABLE_CODE = YES;
				CLANG_WARN__DUPLICATE_METHOD_MATCH = YES;
				COPY_PHASE_STRIP = NO;
				DEBUG_INFORMATION_FORMAT = "dwarf-with-dsym";
				ENABLE_NS_ASSERTIONS = NO;
				ENABLE_STRICT_OBJC_MSGSEND = YES;
				ENABLE_USER_SCRIPT_SANDBOXING = YES;
				GCC_C_LANGUAGE_STANDARD = gnu17;
				GCC_NO_COMMON_BLOCKS = YES;
				GCC_WARN_64_TO_32_BIT_CONVERSION = YES;
				GCC_WARN_ABOUT_RETURN_TYPE = YES_ERROR;
				GCC_WARN_UNDECLARED_SELECTOR = YES;
				GCC_WARN_UNINITIALIZED_AUTOS = YES_AGGRESSIVE;
				GCC_WARN_UNUSED_FUNCTION = YES;
				GCC_WARN_UNUSED_VARIABLE = YES;
				LOCALIZATION_PREFERS_STRING_CATALOGS = YES;
				MACOSX_DEPLOYMENT_TARGET = 14.2;
				MTL_ENABLE_DEBUG_INFO = NO;
				MTL_FAST_MATH = YES;
				SDKROOT = macosx;
				SWIFT_COMPILATION_MODE = wholemodule;
			};
			name = Release;
		};
		2501EFCB2B9760A1006326D9 /* Debug */ = {
			isa = XCBuildConfiguration;
			buildSettings = {
				ASSETCATALOG_COMPILER_APPICON_NAME = AppIcon;
				ASSETCATALOG_COMPILER_GLOBAL_ACCENT_COLOR_NAME = AccentColor;
				CODE_SIGN_ENTITLEMENTS = Surf/Surf.entitlements;
				CODE_SIGN_STYLE = Automatic;
				COMBINE_HIDPI_IMAGES = YES;
				CURRENT_PROJECT_VERSION = 1;
				DEVELOPMENT_ASSET_PATHS = "\"Surf/Preview Content\"";
				DEVELOPMENT_TEAM = 8T4P9D4TB2;
				ENABLE_HARDENED_RUNTIME = YES;
				ENABLE_PREVIEWS = YES;
				GENERATE_INFOPLIST_FILE = YES;
				INFOPLIST_FILE = Surf/Info.plist;
				INFOPLIST_KEY_LSApplicationCategoryType = "public.app-category.social-networking";
				INFOPLIST_KEY_NSHumanReadableCopyright = "";
				LD_RUNPATH_SEARCH_PATHS = (
					"$(inherited)",
					"@executable_path/../Frameworks",
				);
				MARKETING_VERSION = 0.1.001.003;
				PRODUCT_BUNDLE_IDENTIFIER = app.magicalsoft.Surf;
				PRODUCT_NAME = "$(TARGET_NAME)";
				SWIFT_EMIT_LOC_STRINGS = YES;
				SWIFT_VERSION = 5.0;
			};
			name = Debug;
		};
		2501EFCC2B9760A1006326D9 /* Release */ = {
			isa = XCBuildConfiguration;
			buildSettings = {
				ASSETCATALOG_COMPILER_APPICON_NAME = AppIcon;
				ASSETCATALOG_COMPILER_GLOBAL_ACCENT_COLOR_NAME = AccentColor;
				CODE_SIGN_ENTITLEMENTS = Surf/Surf.entitlements;
				CODE_SIGN_STYLE = Automatic;
				COMBINE_HIDPI_IMAGES = YES;
				CURRENT_PROJECT_VERSION = 1;
				DEVELOPMENT_ASSET_PATHS = "\"Surf/Preview Content\"";
				DEVELOPMENT_TEAM = 8T4P9D4TB2;
				ENABLE_HARDENED_RUNTIME = YES;
				ENABLE_PREVIEWS = YES;
				GENERATE_INFOPLIST_FILE = YES;
				INFOPLIST_FILE = Surf/Info.plist;
				INFOPLIST_KEY_LSApplicationCategoryType = "public.app-category.social-networking";
				INFOPLIST_KEY_NSHumanReadableCopyright = "";
				LD_RUNPATH_SEARCH_PATHS = (
					"$(inherited)",
					"@executable_path/../Frameworks",
				);
				MARKETING_VERSION = 0.1.001.003;
				PRODUCT_BUNDLE_IDENTIFIER = app.magicalsoft.Surf;
				PRODUCT_NAME = "$(TARGET_NAME)";
				SWIFT_EMIT_LOC_STRINGS = YES;
				SWIFT_VERSION = 5.0;
			};
			name = Release;
		};
		2501EFCE2B9760A1006326D9 /* Debug */ = {
			isa = XCBuildConfiguration;
			buildSettings = {
				ALWAYS_EMBED_SWIFT_STANDARD_LIBRARIES = YES;
				BUNDLE_LOADER = "$(TEST_HOST)";
				CODE_SIGN_STYLE = Automatic;
				CURRENT_PROJECT_VERSION = 1;
				DEVELOPMENT_TEAM = 8T4P9D4TB2;
				GENERATE_INFOPLIST_FILE = YES;
				MACOSX_DEPLOYMENT_TARGET = 14.2;
				MARKETING_VERSION = 1.0;
				PRODUCT_BUNDLE_IDENTIFIER = app.magicalsoft.SurfTests;
				PRODUCT_NAME = "$(TARGET_NAME)";
				SWIFT_EMIT_LOC_STRINGS = NO;
				SWIFT_VERSION = 5.0;
				TEST_HOST = "$(BUILT_PRODUCTS_DIR)/Surf.app/$(BUNDLE_EXECUTABLE_FOLDER_PATH)/Surf";
			};
			name = Debug;
		};
		2501EFCF2B9760A1006326D9 /* Release */ = {
			isa = XCBuildConfiguration;
			buildSettings = {
				ALWAYS_EMBED_SWIFT_STANDARD_LIBRARIES = YES;
				BUNDLE_LOADER = "$(TEST_HOST)";
				CODE_SIGN_STYLE = Automatic;
				CURRENT_PROJECT_VERSION = 1;
				DEVELOPMENT_TEAM = 8T4P9D4TB2;
				GENERATE_INFOPLIST_FILE = YES;
				MACOSX_DEPLOYMENT_TARGET = 14.2;
				MARKETING_VERSION = 1.0;
				PRODUCT_BUNDLE_IDENTIFIER = app.magicalsoft.SurfTests;
				PRODUCT_NAME = "$(TARGET_NAME)";
				SWIFT_EMIT_LOC_STRINGS = NO;
				SWIFT_VERSION = 5.0;
				TEST_HOST = "$(BUILT_PRODUCTS_DIR)/Surf.app/$(BUNDLE_EXECUTABLE_FOLDER_PATH)/Surf";
			};
			name = Release;
		};
		2501EFD12B9760A1006326D9 /* Debug */ = {
			isa = XCBuildConfiguration;
			buildSettings = {
				ALWAYS_EMBED_SWIFT_STANDARD_LIBRARIES = YES;
				CODE_SIGN_STYLE = Automatic;
				CURRENT_PROJECT_VERSION = 1;
				DEVELOPMENT_TEAM = 8T4P9D4TB2;
				GENERATE_INFOPLIST_FILE = YES;
				MARKETING_VERSION = 1.0;
				PRODUCT_BUNDLE_IDENTIFIER = app.magicalsoft.SurfUITests;
				PRODUCT_NAME = "$(TARGET_NAME)";
				SWIFT_EMIT_LOC_STRINGS = NO;
				SWIFT_VERSION = 5.0;
				TEST_TARGET_NAME = Surf;
			};
			name = Debug;
		};
		2501EFD22B9760A1006326D9 /* Release */ = {
			isa = XCBuildConfiguration;
			buildSettings = {
				ALWAYS_EMBED_SWIFT_STANDARD_LIBRARIES = YES;
				CODE_SIGN_STYLE = Automatic;
				CURRENT_PROJECT_VERSION = 1;
				DEVELOPMENT_TEAM = 8T4P9D4TB2;
				GENERATE_INFOPLIST_FILE = YES;
				MARKETING_VERSION = 1.0;
				PRODUCT_BUNDLE_IDENTIFIER = app.magicalsoft.SurfUITests;
				PRODUCT_NAME = "$(TARGET_NAME)";
				SWIFT_EMIT_LOC_STRINGS = NO;
				SWIFT_VERSION = 5.0;
				TEST_TARGET_NAME = Surf;
			};
			name = Release;
		};
/* End XCBuildConfiguration section */

/* Begin XCConfigurationList section */
		2501EFA02B9760A0006326D9 /* Build configuration list for PBXProject "Surf" */ = {
			isa = XCConfigurationList;
			buildConfigurations = (
				2501EFC82B9760A1006326D9 /* Debug */,
				2501EFC92B9760A1006326D9 /* Release */,
			);
			defaultConfigurationIsVisible = 0;
			defaultConfigurationName = Release;
		};
		2501EFCA2B9760A1006326D9 /* Build configuration list for PBXNativeTarget "Surf" */ = {
			isa = XCConfigurationList;
			buildConfigurations = (
				2501EFCB2B9760A1006326D9 /* Debug */,
				2501EFCC2B9760A1006326D9 /* Release */,
			);
			defaultConfigurationIsVisible = 0;
			defaultConfigurationName = Release;
		};
		2501EFCD2B9760A1006326D9 /* Build configuration list for PBXNativeTarget "SurfTests" */ = {
			isa = XCConfigurationList;
			buildConfigurations = (
				2501EFCE2B9760A1006326D9 /* Debug */,
				2501EFCF2B9760A1006326D9 /* Release */,
			);
			defaultConfigurationIsVisible = 0;
			defaultConfigurationName = Release;
		};
		2501EFD02B9760A1006326D9 /* Build configuration list for PBXNativeTarget "SurfUITests" */ = {
			isa = XCConfigurationList;
			buildConfigurations = (
				2501EFD12B9760A1006326D9 /* Debug */,
				2501EFD22B9760A1006326D9 /* Release */,
			);
			defaultConfigurationIsVisible = 0;
			defaultConfigurationName = Release;
		};
/* End XCConfigurationList section */

/* Begin XCLocalSwiftPackageReference section */
		25E0A9E52BB3B5DD0067F2C8 /* XCLocalSwiftPackageReference "../../Source/FlexDB" */ = {
			isa = XCLocalSwiftPackageReference;
			relativePath = ../../Source/FlexDB;
		};
/* End XCLocalSwiftPackageReference section */

/* Begin XCRemoteSwiftPackageReference section */
		250217222BAB34E1006FE025 /* XCRemoteSwiftPackageReference "DataLogic.swift" */ = {
			isa = XCRemoteSwiftPackageReference;
			repositoryURL = "https://github.com/shotastage/DataLogic.swift.git";
			requirement = {
				branch = main;
				kind = branch;
			};
		};
		258DBF3D2BDDC6DD0059560B /* XCRemoteSwiftPackageReference "Sparkle" */ = {
			isa = XCRemoteSwiftPackageReference;
			repositoryURL = "https://github.com/sparkle-project/Sparkle";
			requirement = {
				kind = upToNextMajorVersion;
				minimumVersion = 2.6.0;
			};
		};
		259C540C2BC50FF600D5B9D2 /* XCRemoteSwiftPackageReference "llama" */ = {
			isa = XCRemoteSwiftPackageReference;
			repositoryURL = "https://github.com/ensan-hcl/llama.cpp";
			requirement = {
				branch = master;
				kind = branch;
			};
		};
		25B101922BA9DE7E00263E35 /* XCRemoteSwiftPackageReference "SwiftUI-WindowManagement" */ = {
			isa = XCRemoteSwiftPackageReference;
			repositoryURL = "https://github.com/shotastage/SwiftUI-WindowManagement.git";
			requirement = {
				branch = main;
				kind = branch;
			};
		};
/* End XCRemoteSwiftPackageReference section */

/* Begin XCSwiftPackageProductDependency section */
		2502170F2BA9DF62006FE025 /* WindowManagement */ = {
			isa = XCSwiftPackageProductDependency;
			package = 25B101922BA9DE7E00263E35 /* XCRemoteSwiftPackageReference "SwiftUI-WindowManagement" */;
			productName = WindowManagement;
		};
		250217232BAB34E1006FE025 /* DataLogic */ = {
			isa = XCSwiftPackageProductDependency;
			package = 250217222BAB34E1006FE025 /* XCRemoteSwiftPackageReference "DataLogic.swift" */;
			productName = DataLogic;
		};
		258DBF412BDDC7E70059560B /* Sparkle */ = {
			isa = XCSwiftPackageProductDependency;
			package = 258DBF3D2BDDC6DD0059560B /* XCRemoteSwiftPackageReference "Sparkle" */;
			productName = Sparkle;
		};
		259C540D2BC50FF600D5B9D2 /* llama */ = {
			isa = XCSwiftPackageProductDependency;
			package = 259C540C2BC50FF600D5B9D2 /* XCRemoteSwiftPackageReference "llama" */;
			productName = llama;
		};
		25E0A9E62BB3B5DD0067F2C8 /* FlexDB */ = {
			isa = XCSwiftPackageProductDependency;
			productName = FlexDB;
		};
/* End XCSwiftPackageProductDependency section */
	};
	rootObject = 2501EF9D2B9760A0006326D9 /* Project object */;
}
