{
  "originHash" : "047ccd3b700f90f9581d35c214e9f4b7dcba04eae7d5af5060ce108aa02bf7ea",
  "pins" : [
    {
      "identity" : "datalogic.swift",
      "kind" : "remoteSourceControl",
      "location" : "https://github.com/shotastage/DataLogic.swift.git",
      "state" : {
        "branch" : "main",
        "revision" : "464e7c92edb00384a66e8e944196b9be1c46474a"
      }
    },
    {
      "identity" : "llama.cpp",
      "kind" : "remoteSourceControl",
      "location" : "https://github.com/ensan-hcl/llama.cpp",
      "state" : {
        "branch" : "master",
        "revision" : "8a5be3bd5885d79ad84aadf32bb8c1a67bd43c19"
      }
    },
    {
      "identity" : "sparkle",
      "kind" : "remoteSourceControl",
      "location" : "https://github.com/sparkle-project/Sparkle",
      "state" : {
        "revision" : "0a4caaf7a81eea2cece651ef4b17331fa0634dff",
        "version" : "2.6.0"
      }
    },
    {
      "identity" : "swiftui-windowmanagement",
      "kind" : "remoteSourceControl",
      "location" : "https://github.com/shotastage/SwiftUI-WindowManagement.git",
      "state" : {
        "branch" : "main",
        "revision" : "adbebf5d7df325f3d7bf07dc832e5e162a9003f5"
      }
    }
  ],
  "version" : 3
}
