{
  "originHash" : "582e28745b4992c6bd0801de4eacca77f9f8665f75532bb1a1b2b1e7d464af5b",
  "pins" : [
    {
      "identity" : "datalogic.swift",
      "kind" : "remoteSourceControl",
      "location" : "https://github.com/shotastage/DataLogic.swift.git",
      "state" : {
        "branch" : "main",
        "revision" : "464e7c92edb00384a66e8e944196b9be1c46474a"
      }
    },
    {
      "identity" : "llama.cpp",
      "kind" : "remoteSourceControl",
      "location" : "https://github.com/ensan-hcl/llama.cpp",
      "state" : {
        "branch" : "master",
        "revision" : "8a5be3bd5885d79ad84aadf32bb8c1a67bd43c19"
      }
    },
    {
      "identity" : "swiftui-windowmanagement",
      "kind" : "remoteSourceControl",
      "location" : "https://github.com/shotastage/SwiftUI-WindowManagement.git",
      "state" : {
        "branch" : "main",
        "revision" : "adbebf5d7df325f3d7bf07dc832e5e162a9003f5"
      }
    }
  ],
  "version" : 3
}
